
Microsoft Visual Studio Solution File, Format Version 12.00
# Visual Studio Version 17
VisualStudioVersion = 17.13.35818.85 d17.13
MinimumVisualStudioVersion = 10.0.40219.1
Project("{FAE04EC0-301F-11D3-BF4B-00C04F79EFBC}") = "tpmodul8_103022300057", "tpmodul8_103022300057.csproj", "{88F03FB0-D8D4-4369-ABE9-E70864F79E44}"
EndProject
Global
	GlobalSection(SolutionConfigurationPlatforms) = preSolution
		Debug|Any CPU = Debug|Any CPU
		Release|Any CPU = Release|Any CPU
	EndGlobalSection
	GlobalSection(ProjectConfigurationPlatforms) = postSolution
		{88F03FB0-D8D4-4369-ABE9-E70864F79E44}.Debug|Any CPU.ActiveCfg = Debug|Any CPU
		{88F03FB0-D8D4-4369-ABE9-E70864F79E44}.Debug|Any CPU.Build.0 = Debug|Any CPU
		{88F03FB0-D8D4-4369-ABE9-E70864F79E44}.Release|Any CPU.ActiveCfg = Release|Any CPU
		{88F03FB0-D8D4-4369-ABE9-E70864F79E44}.Release|Any CPU.Build.0 = Release|Any CPU
	EndGlobalSection
	GlobalSection(SolutionProperties) = preSolution
		HideSolutionNode = FALSE
	EndGlobalSection
	GlobalSection(ExtensibilityGlobals) = postSolution
		SolutionGuid = {B1278B3C-979F-4047-A1AC-E47FED459514}
	EndGlobalSection
EndGlobal
